
Microsoft Visual Studio Solution File, Format Version 12.00
# Visual Studio 14
VisualStudioVersion = 14.0.25420.1
MinimumVisualStudioVersion = 10.0.40219.1
Project("{FAE04EC0-301F-11D3-BF4B-00C04F79EFBC}") = "CalcService", "WcfService1\CalcService.csproj", "{D65C1485-A9E1-4C18-B676-81D9DDF2CB25}"
EndProject
Project("{FAE04EC0-301F-11D3-BF4B-00C04F79EFBC}") = "Calculator client", "Calculator client\Calculator client.csproj", "{AB64114C-085D-457E-A33B-581A32689B67}"
	ProjectSection(ProjectDependencies) = postProject
		{D65C1485-A9E1-4C18-B676-81D9DDF2CB25} = {D65C1485-A9E1-4C18-B676-81D9DDF2CB25}
	EndProjectSection
EndProject
Project("{FAE04EC0-301F-11D3-BF4B-00C04F79EFBC}") = "ConsoleClient", "ConsoleClient\ConsoleClient.csproj", "{1629964E-68EC-4912-AA1F-9EED61CAFD85}"
	ProjectSection(ProjectDependencies) = postProject
		{D65C1485-A9E1-4C18-B676-81D9DDF2CB25} = {D65C1485-A9E1-4C18-B676-81D9DDF2CB25}
	EndProjectSection
EndProject
Global
	GlobalSection(SolutionConfigurationPlatforms) = preSolution
		Debug|Any CPU = Debug|Any CPU
		Release|Any CPU = Release|Any CPU
	EndGlobalSection
	GlobalSection(ProjectConfigurationPlatforms) = postSolution
		{D65C1485-A9E1-4C18-B676-81D9DDF2CB25}.Debug|Any CPU.ActiveCfg = Debug|Any CPU
		{D65C1485-A9E1-4C18-B676-81D9DDF2CB25}.Debug|Any CPU.Build.0 = Debug|Any CPU
		{D65C1485-A9E1-4C18-B676-81D9DDF2CB25}.Release|Any CPU.ActiveCfg = Release|Any CPU
		{D65C1485-A9E1-4C18-B676-81D9DDF2CB25}.Release|Any CPU.Build.0 = Release|Any CPU
		{AB64114C-085D-457E-A33B-581A32689B67}.Debug|Any CPU.ActiveCfg = Debug|Any CPU
		{AB64114C-085D-457E-A33B-581A32689B67}.Debug|Any CPU.Build.0 = Debug|Any CPU
		{AB64114C-085D-457E-A33B-581A32689B67}.Release|Any CPU.ActiveCfg = Release|Any CPU
		{AB64114C-085D-457E-A33B-581A32689B67}.Release|Any CPU.Build.0 = Release|Any CPU
		{1629964E-68EC-4912-AA1F-9EED61CAFD85}.Debug|Any CPU.ActiveCfg = Debug|Any CPU
		{1629964E-68EC-4912-AA1F-9EED61CAFD85}.Debug|Any CPU.Build.0 = Debug|Any CPU
		{1629964E-68EC-4912-AA1F-9EED61CAFD85}.Release|Any CPU.ActiveCfg = Release|Any CPU
		{1629964E-68EC-4912-AA1F-9EED61CAFD85}.Release|Any CPU.Build.0 = Release|Any CPU
	EndGlobalSection
	GlobalSection(SolutionProperties) = preSolution
		HideSolutionNode = FALSE
	EndGlobalSection
EndGlobal
